
Microsoft Visual Studio Solution File, Format Version 12.00
# Visual Studio 15
VisualStudioVersion = 15.0.28307.960
MinimumVisualStudioVersion = 10.0.40219.1
Project("{FAE04EC0-301F-11D3-BF4B-00C04F79EFBC}") = "ConteudoGeorge", "ConteudoGeorge\ConteudoGeorge.csproj", "{133559AF-B75D-4E36-8BC1-B685AC449A77}"
EndProject
Project("{FAE04EC0-301F-11D3-BF4B-00C04F79EFBC}") = "PortalMemoria", "PortalMemoria\PortalMemoria.csproj", "{478FB2CF-B3DE-4161-A1D2-368FC5A7BA82}"
EndProject
Global
	GlobalSection(SolutionConfigurationPlatforms) = preSolution
		Debug|Any CPU = Debug|Any CPU
		Release|Any CPU = Release|Any CPU
	EndGlobalSection
	GlobalSection(ProjectConfigurationPlatforms) = postSolution
		{133559AF-B75D-4E36-8BC1-B685AC449A77}.Debug|Any CPU.ActiveCfg = Debug|Any CPU
		{133559AF-B75D-4E36-8BC1-B685AC449A77}.Debug|Any CPU.Build.0 = Debug|Any CPU
		{133559AF-B75D-4E36-8BC1-B685AC449A77}.Release|Any CPU.ActiveCfg = Release|Any CPU
		{133559AF-B75D-4E36-8BC1-B685AC449A77}.Release|Any CPU.Build.0 = Release|Any CPU
		{478FB2CF-B3DE-4161-A1D2-368FC5A7BA82}.Debug|Any CPU.ActiveCfg = Debug|Any CPU
		{478FB2CF-B3DE-4161-A1D2-368FC5A7BA82}.Debug|Any CPU.Build.0 = Debug|Any CPU
		{478FB2CF-B3DE-4161-A1D2-368FC5A7BA82}.Release|Any CPU.ActiveCfg = Release|Any CPU
		{478FB2CF-B3DE-4161-A1D2-368FC5A7BA82}.Release|Any CPU.Build.0 = Release|Any CPU
	EndGlobalSection
	GlobalSection(SolutionProperties) = preSolution
		HideSolutionNode = FALSE
	EndGlobalSection
	GlobalSection(ExtensibilityGlobals) = postSolution
		SolutionGuid = {0F497E07-1D43-483F-8363-C55AAC3CBAA7}
	EndGlobalSection
EndGlobal
